
Microsoft Visual Studio Solution File, Format Version 12.00
# Visual Studio Version 17
VisualStudioVersion = 17.3.32929.385
MinimumVisualStudioVersion = 10.0.40219.1
Project("{FAE04EC0-301F-11D3-BF4B-00C04F79EFBC}") = "IntegorSharedErrorHandlers", "IntegorSharedErrorHandlers\IntegorSharedErrorHandlers.csproj", "{54FF0593-45C0-42F1-8352-AEDB7F37A5E2}"
EndProject
Project("{FAE04EC0-301F-11D3-BF4B-00C04F79EFBC}") = "IntegorSharedResponseDecorators", "IntegorSharedResponseDecorators\IntegorSharedResponseDecorators.csproj", "{00FA2B7C-1A8C-45B4-8181-CC14E48ED326}"
EndProject
Global
	GlobalSection(SolutionConfigurationPlatforms) = preSolution
		Debug|Any CPU = Debug|Any CPU
		Release|Any CPU = Release|Any CPU
	EndGlobalSection
	GlobalSection(ProjectConfigurationPlatforms) = postSolution
		{54FF0593-45C0-42F1-8352-AEDB7F37A5E2}.Debug|Any CPU.ActiveCfg = Debug|Any CPU
		{54FF0593-45C0-42F1-8352-AEDB7F37A5E2}.Debug|Any CPU.Build.0 = Debug|Any CPU
		{54FF0593-45C0-42F1-8352-AEDB7F37A5E2}.Release|Any CPU.ActiveCfg = Release|Any CPU
		{54FF0593-45C0-42F1-8352-AEDB7F37A5E2}.Release|Any CPU.Build.0 = Release|Any CPU
		{00FA2B7C-1A8C-45B4-8181-CC14E48ED326}.Debug|Any CPU.ActiveCfg = Debug|Any CPU
		{00FA2B7C-1A8C-45B4-8181-CC14E48ED326}.Debug|Any CPU.Build.0 = Debug|Any CPU
		{00FA2B7C-1A8C-45B4-8181-CC14E48ED326}.Release|Any CPU.ActiveCfg = Release|Any CPU
		{00FA2B7C-1A8C-45B4-8181-CC14E48ED326}.Release|Any CPU.Build.0 = Release|Any CPU
	EndGlobalSection
	GlobalSection(SolutionProperties) = preSolution
		HideSolutionNode = FALSE
	EndGlobalSection
	GlobalSection(ExtensibilityGlobals) = postSolution
		SolutionGuid = {02616941-AF01-45D9-B01D-DE59F605EE43}
	EndGlobalSection
EndGlobal
